
Microsoft Visual Studio Solution File, Format Version 12.00
# Visual Studio Version 17
VisualStudioVersion = 17.8.34330.188
MinimumVisualStudioVersion = 10.0.40219.1
Project("{FAE04EC0-301F-11D3-BF4B-00C04F79EFBC}") = "Resh's control panel", "Resh's control panel\Resh's control panel.csproj", "{E90D07A5-F28B-4B03-8038-2775D6FFFDE2}"
EndProject
Global
	GlobalSection(SolutionConfigurationPlatforms) = preSolution
		Debug|Any CPU = Debug|Any CPU
		Release|Any CPU = Release|Any CPU
	EndGlobalSection
	GlobalSection(ProjectConfigurationPlatforms) = postSolution
		{E90D07A5-F28B-4B03-8038-2775D6FFFDE2}.Debug|Any CPU.ActiveCfg = Debug|Any CPU
		{E90D07A5-F28B-4B03-8038-2775D6FFFDE2}.Debug|Any CPU.Build.0 = Debug|Any CPU
		{E90D07A5-F28B-4B03-8038-2775D6FFFDE2}.Release|Any CPU.ActiveCfg = Release|Any CPU
		{E90D07A5-F28B-4B03-8038-2775D6FFFDE2}.Release|Any CPU.Build.0 = Release|Any CPU
	EndGlobalSection
	GlobalSection(SolutionProperties) = preSolution
		HideSolutionNode = FALSE
	EndGlobalSection
	GlobalSection(ExtensibilityGlobals) = postSolution
		SolutionGuid = {6680FB2E-8220-4419-8CAA-41B17B699D4D}
	EndGlobalSection
EndGlobal
